// !$*UTF8*$!
{
	archiveVersion = 1;
	classes = {
	};
	objectVersion = 55;
	objects = {

/* Begin PBXBuildFile section */
		6A3158E1558A3BEB597C5435 /* Pods_Events.framework in Frameworks */ = {isa = PBXBuildFile; fileRef = BFC83C32EE4A91DA44A9058E /* Pods_Events.framework */; };
		E711E47729D9351E0021AE0F /* AppDelegate.swift in Sources */ = {isa = PBXBuildFile; fileRef = E711E47629D9351E0021AE0F /* AppDelegate.swift */; };
		E711E47929D9351E0021AE0F /* SceneDelegate.swift in Sources */ = {isa = PBXBuildFile; fileRef = E711E47829D9351E0021AE0F /* SceneDelegate.swift */; };
		E711E47B29D9351E0021AE0F /* MainViewController.swift in Sources */ = {isa = PBXBuildFile; fileRef = E711E47A29D9351E0021AE0F /* MainViewController.swift */; };
		E711E47E29D9351E0021AE0F /* Main.storyboard in Resources */ = {isa = PBXBuildFile; fileRef = E711E47C29D9351E0021AE0F /* Main.storyboard */; };
		E711E48029D935230021AE0F /* Assets.xcassets in Resources */ = {isa = PBXBuildFile; fileRef = E711E47F29D935230021AE0F /* Assets.xcassets */; };
		E711E48329D935230021AE0F /* LaunchScreen.storyboard in Resources */ = {isa = PBXBuildFile; fileRef = E711E48129D935230021AE0F /* LaunchScreen.storyboard */; };
		E72EED9529E15F1900112F4A /* EventTableViewCell.swift in Sources */ = {isa = PBXBuildFile; fileRef = E72EED9429E15F1900112F4A /* EventTableViewCell.swift */; };
		E72EED9729E1607600112F4A /* AddViewController.swift in Sources */ = {isa = PBXBuildFile; fileRef = E72EED9629E1607600112F4A /* AddViewController.swift */; };
		E72EED9929E1745D00112F4A /* EditViewController.swift in Sources */ = {isa = PBXBuildFile; fileRef = E72EED9829E1745D00112F4A /* EditViewController.swift */; };
		E73492A329D96FDB00E31C68 /* Event.swift in Sources */ = {isa = PBXBuildFile; fileRef = E73492A229D96FDB00E31C68 /* Event.swift */; };
		E76C998629F0EC72004F1717 /* ViewModel.swift in Sources */ = {isa = PBXBuildFile; fileRef = E76C998529F0EC71004F1717 /* ViewModel.swift */; };
/* End PBXBuildFile section */

/* Begin PBXFileReference section */
		5E9FF0F6ECD89142DE46A333 /* Pods-Events.release.xcconfig */ = {isa = PBXFileReference; includeInIndex = 1; lastKnownFileType = text.xcconfig; name = "Pods-Events.release.xcconfig"; path = "Target Support Files/Pods-Events/Pods-Events.release.xcconfig"; sourceTree = "<group>"; };
		BFC83C32EE4A91DA44A9058E /* Pods_Events.framework */ = {isa = PBXFileReference; explicitFileType = wrapper.framework; includeInIndex = 0; path = Pods_Events.framework; sourceTree = BUILT_PRODUCTS_DIR; };
		D72DD11627AC92739523C41C /* Pods-Events.debug.xcconfig */ = {isa = PBXFileReference; includeInIndex = 1; lastKnownFileType = text.xcconfig; name = "Pods-Events.debug.xcconfig"; path = "Target Support Files/Pods-Events/Pods-Events.debug.xcconfig"; sourceTree = "<group>"; };
		E711E47329D9351E0021AE0F /* Events.app */ = {isa = PBXFileReference; explicitFileType = wrapper.application; includeInIndex = 0; path = Events.app; sourceTree = BUILT_PRODUCTS_DIR; };
		E711E47629D9351E0021AE0F /* AppDelegate.swift */ = {isa = PBXFileReference; lastKnownFileType = sourcecode.swift; path = AppDelegate.swift; sourceTree = "<group>"; };
		E711E47829D9351E0021AE0F /* SceneDelegate.swift */ = {isa = PBXFileReference; lastKnownFileType = sourcecode.swift; path = SceneDelegate.swift; sourceTree = "<group>"; };
		E711E47A29D9351E0021AE0F /* MainViewController.swift */ = {isa = PBXFileReference; lastKnownFileType = sourcecode.swift; path = MainViewController.swift; sourceTree = "<group>"; };
		E711E47D29D9351E0021AE0F /* Base */ = {isa = PBXFileReference; lastKnownFileType = file.storyboard; name = Base; path = Base.lproj/Main.storyboard; sourceTree = "<group>"; };
		E711E47F29D935230021AE0F /* Assets.xcassets */ = {isa = PBXFileReference; lastKnownFileType = folder.assetcatalog; path = Assets.xcassets; sourceTree = "<group>"; };
		E711E48229D935230021AE0F /* Base */ = {isa = PBXFileReference; lastKnownFileType = file.storyboard; name = Base; path = Base.lproj/LaunchScreen.storyboard; sourceTree = "<group>"; };
		E711E48429D935230021AE0F /* Info.plist */ = {isa = PBXFileReference; lastKnownFileType = text.plist.xml; path = Info.plist; sourceTree = "<group>"; };
		E72EED9429E15F1900112F4A /* EventTableViewCell.swift */ = {isa = PBXFileReference; lastKnownFileType = sourcecode.swift; path = EventTableViewCell.swift; sourceTree = "<group>"; };
		E72EED9629E1607600112F4A /* AddViewController.swift */ = {isa = PBXFileReference; lastKnownFileType = sourcecode.swift; path = AddViewController.swift; sourceTree = "<group>"; };
		E72EED9829E1745D00112F4A /* EditViewController.swift */ = {isa = PBXFileReference; lastKnownFileType = sourcecode.swift; path = EditViewController.swift; sourceTree = "<group>"; };
		E73492A229D96FDB00E31C68 /* Event.swift */ = {isa = PBXFileReference; lastKnownFileType = sourcecode.swift; path = Event.swift; sourceTree = "<group>"; };
		E76C998529F0EC71004F1717 /* ViewModel.swift */ = {isa = PBXFileReference; lastKnownFileType = sourcecode.swift; path = ViewModel.swift; sourceTree = "<group>"; };
/* End PBXFileReference section */

/* Begin PBXFrameworksBuildPhase section */
		E711E47029D9351E0021AE0F /* Frameworks */ = {
			isa = PBXFrameworksBuildPhase;
			buildActionMask = 2147483647;
			files = (
				6A3158E1558A3BEB597C5435 /* Pods_Events.framework in Frameworks */,
			);
			runOnlyForDeploymentPostprocessing = 0;
		};
/* End PBXFrameworksBuildPhase section */

/* Begin PBXGroup section */
		810B54BFE0190C87FED59BD7 /* Frameworks */ = {
			isa = PBXGroup;
			children = (
				BFC83C32EE4A91DA44A9058E /* Pods_Events.framework */,
			);
			name = Frameworks;
			sourceTree = "<group>";
		};
		D37BA6CE5A3EE1026D2B5124 /* Pods */ = {
			isa = PBXGroup;
			children = (
				D72DD11627AC92739523C41C /* Pods-Events.debug.xcconfig */,
				5E9FF0F6ECD89142DE46A333 /* Pods-Events.release.xcconfig */,
			);
			path = Pods;
			sourceTree = "<group>";
		};
		E711E46A29D9351E0021AE0F = {
			isa = PBXGroup;
			children = (
				E711E47529D9351E0021AE0F /* Events */,
				E711E47429D9351E0021AE0F /* Products */,
				D37BA6CE5A3EE1026D2B5124 /* Pods */,
				810B54BFE0190C87FED59BD7 /* Frameworks */,
			);
			sourceTree = "<group>";
		};
		E711E47429D9351E0021AE0F /* Products */ = {
			isa = PBXGroup;
			children = (
				E711E47329D9351E0021AE0F /* Events.app */,
			);
			name = Products;
			sourceTree = "<group>";
		};
		E711E47529D9351E0021AE0F /* Events */ = {
			isa = PBXGroup;
			children = (
				E72EED9329E15EF800112F4A /* Cell */,
				E711E48D29D943CD0021AE0F /* Delegate */,
				E711E48B29D9438C0021AE0F /* Model */,
				E711E48C29D9439C0021AE0F /* View */,
				E711E48A29D943760021AE0F /* Controller */,
				E711E47F29D935230021AE0F /* Assets.xcassets */,
				E711E48429D935230021AE0F /* Info.plist */,
			);
			path = Events;
			sourceTree = "<group>";
		};
		E711E48A29D943760021AE0F /* Controller */ = {
			isa = PBXGroup;
			children = (
				E711E47A29D9351E0021AE0F /* MainViewController.swift */,
				E72EED9629E1607600112F4A /* AddViewController.swift */,
				E72EED9829E1745D00112F4A /* EditViewController.swift */,
			);
			path = Controller;
			sourceTree = "<group>";
		};
		E711E48B29D9438C0021AE0F /* Model */ = {
			isa = PBXGroup;
			children = (
				E73492A229D96FDB00E31C68 /* Event.swift */,
				E76C998529F0EC71004F1717 /* ViewModel.swift */,
			);
			path = Model;
			sourceTree = "<group>";
		};
		E711E48C29D9439C0021AE0F /* View */ = {
			isa = PBXGroup;
			children = (
				E711E47C29D9351E0021AE0F /* Main.storyboard */,
				E711E48129D935230021AE0F /* LaunchScreen.storyboard */,
			);
			path = View;
			sourceTree = "<group>";
		};
		E711E48D29D943CD0021AE0F /* Delegate */ = {
			isa = PBXGroup;
			children = (
				E711E47629D9351E0021AE0F /* AppDelegate.swift */,
				E711E47829D9351E0021AE0F /* SceneDelegate.swift */,
			);
			path = Delegate;
			sourceTree = "<group>";
		};
		E72EED9329E15EF800112F4A /* Cell */ = {
			isa = PBXGroup;
			children = (
				E72EED9429E15F1900112F4A /* EventTableViewCell.swift */,
			);
			path = Cell;
			sourceTree = "<group>";
		};
/* End PBXGroup section */

/* Begin PBXNativeTarget section */
		E711E47229D9351E0021AE0F /* Events */ = {
			isa = PBXNativeTarget;
			buildConfigurationList = E711E48729D935230021AE0F /* Build configuration list for PBXNativeTarget "Events" */;
			buildPhases = (
				D0EA467E899B638EB0E71356 /* [CP] Check Pods Manifest.lock */,
				E711E46F29D9351E0021AE0F /* Sources */,
				E711E47029D9351E0021AE0F /* Frameworks */,
				E711E47129D9351E0021AE0F /* Resources */,
			);
			buildRules = (
			);
			dependencies = (
			);
			name = Events;
			productName = Events;
			productReference = E711E47329D9351E0021AE0F /* Events.app */;
			productType = "com.apple.product-type.application";
		};
/* End PBXNativeTarget section */

/* Begin PBXProject section */
		E711E46B29D9351E0021AE0F /* Project object */ = {
			isa = PBXProject;
			attributes = {
				BuildIndependentTargetsInParallel = 1;
				LastSwiftUpdateCheck = 1320;
				LastUpgradeCheck = 1320;
				TargetAttributes = {
					E711E47229D9351E0021AE0F = {
						CreatedOnToolsVersion = 13.2.1;
					};
				};
			};
			buildConfigurationList = E711E46E29D9351E0021AE0F /* Build configuration list for PBXProject "Events" */;
			compatibilityVersion = "Xcode 13.0";
			developmentRegion = en;
			hasScannedForEncodings = 0;
			knownRegions = (
				en,
				Base,
			);
			mainGroup = E711E46A29D9351E0021AE0F;
			productRefGroup = E711E47429D9351E0021AE0F /* Products */;
			projectDirPath = "";
			projectRoot = "";
			targets = (
				E711E47229D9351E0021AE0F /* Events */,
			);
		};
/* End PBXProject section */

/* Begin PBXResourcesBuildPhase section */
		E711E47129D9351E0021AE0F /* Resources */ = {
			isa = PBXResourcesBuildPhase;
			buildActionMask = 2147483647;
			files = (
				E711E48329D935230021AE0F /* LaunchScreen.storyboard in Resources */,
				E711E48029D935230021AE0F /* Assets.xcassets in Resources */,
				E711E47E29D9351E0021AE0F /* Main.storyboard in Resources */,
			);
			runOnlyForDeploymentPostprocessing = 0;
		};
/* End PBXResourcesBuildPhase section */

/* Begin PBXShellScriptBuildPhase section */
		D0EA467E899B638EB0E71356 /* [CP] Check Pods Manifest.lock */ = {
			isa = PBXShellScriptBuildPhase;
			buildActionMask = 2147483647;
			files = (
			);
			inputFileListPaths = (
			);
			inputPaths = (
				"${PODS_PODFILE_DIR_PATH}/Podfile.lock",
				"${PODS_ROOT}/Manifest.lock",
			);
			name = "[CP] Check Pods Manifest.lock";
			outputFileListPaths = (
			);
			outputPaths = (
				"$(DERIVED_FILE_DIR)/Pods-Events-checkManifestLockResult.txt",
			);
			runOnlyForDeploymentPostprocessing = 0;
			shellPath = /bin/sh;
			shellScript = "diff \"${PODS_PODFILE_DIR_PATH}/Podfile.lock\" \"${PODS_ROOT}/Manifest.lock\" > /dev/null\nif [ $? != 0 ] ; then\n    # print error to STDERR\n    echo \"error: The sandbox is not in sync with the Podfile.lock. Run 'pod install' or update your CocoaPods installation.\" >&2\n    exit 1\nfi\n# This output is used by Xcode 'outputs' to avoid re-running this script phase.\necho \"SUCCESS\" > \"${SCRIPT_OUTPUT_FILE_0}\"\n";
			showEnvVarsInLog = 0;
		};
/* End PBXShellScriptBuildPhase section */

/* Begin PBXSourcesBuildPhase section */
		E711E46F29D9351E0021AE0F /* Sources */ = {
			isa = PBXSourcesBuildPhase;
			buildActionMask = 2147483647;
			files = (
				E711E47B29D9351E0021AE0F /* MainViewController.swift in Sources */,
				E711E47729D9351E0021AE0F /* AppDelegate.swift in Sources */,
				E72EED9729E1607600112F4A /* AddViewController.swift in Sources */,
				E73492A329D96FDB00E31C68 /* Event.swift in Sources */,
				E72EED9529E15F1900112F4A /* EventTableViewCell.swift in Sources */,
				E711E47929D9351E0021AE0F /* SceneDelegate.swift in Sources */,
				E76C998629F0EC72004F1717 /* ViewModel.swift in Sources */,
				E72EED9929E1745D00112F4A /* EditViewController.swift in Sources */,
			);
			runOnlyForDeploymentPostprocessing = 0;
		};
/* End PBXSourcesBuildPhase section */

/* Begin PBXVariantGroup section */
		E711E47C29D9351E0021AE0F /* Main.storyboard */ = {
			isa = PBXVariantGroup;
			children = (
				E711E47D29D9351E0021AE0F /* Base */,
			);
			name = Main.storyboard;
			sourceTree = "<group>";
		};
		E711E48129D935230021AE0F /* LaunchScreen.storyboard */ = {
			isa = PBXVariantGroup;
			children = (
				E711E48229D935230021AE0F /* Base */,
			);
			name = LaunchScreen.storyboard;
			sourceTree = "<group>";
		};
/* End PBXVariantGroup section */

/* Begin XCBuildConfiguration section */
		E711E48529D935230021AE0F /* Debug */ = {
			isa = XCBuildConfiguration;
			buildSettings = {
				ALWAYS_SEARCH_USER_PATHS = NO;
				CLANG_ANALYZER_NONNULL = YES;
				CLANG_ANALYZER_NUMBER_OBJECT_CONVERSION = YES_AGGRESSIVE;
				CLANG_CXX_LANGUAGE_STANDARD = "gnu++17";
				CLANG_CXX_LIBRARY = "libc++";
				CLANG_ENABLE_MODULES = YES;
				CLANG_ENABLE_OBJC_ARC = YES;
				CLANG_ENABLE_OBJC_WEAK = YES;
				CLANG_WARN_BLOCK_CAPTURE_AUTORELEASING = YES;
				CLANG_WARN_BOOL_CONVERSION = YES;
				CLANG_WARN_COMMA = YES;
				CLANG_WARN_CONSTANT_CONVERSION = YES;
				CLANG_WARN_DEPRECATED_OBJC_IMPLEMENTATIONS = YES;
				CLANG_WARN_DIRECT_OBJC_ISA_USAGE = YES_ERROR;
				CLANG_WARN_DOCUMENTATION_COMMENTS = YES;
				CLANG_WARN_EMPTY_BODY = YES;
				CLANG_WARN_ENUM_CONVERSION = YES;
				CLANG_WARN_INFINITE_RECURSION = YES;
				CLANG_WARN_INT_CONVERSION = YES;
				CLANG_WARN_NON_LITERAL_NULL_CONVERSION = YES;
				CLANG_WARN_OBJC_IMPLICIT_RETAIN_SELF = YES;
				CLANG_WARN_OBJC_LITERAL_CONVERSION = YES;
				CLANG_WARN_OBJC_ROOT_CLASS = YES_ERROR;
				CLANG_WARN_QUOTED_INCLUDE_IN_FRAMEWORK_HEADER = YES;
				CLANG_WARN_RANGE_LOOP_ANALYSIS = YES;
				CLANG_WARN_STRICT_PROTOTYPES = YES;
				CLANG_WARN_SUSPICIOUS_MOVE = YES;
				CLANG_WARN_UNGUARDED_AVAILABILITY = YES_AGGRESSIVE;
				CLANG_WARN_UNREACHABLE_CODE = YES;
				CLANG_WARN__DUPLICATE_METHOD_MATCH = YES;
				COPY_PHASE_STRIP = NO;
				DEBUG_INFORMATION_FORMAT = dwarf;
				ENABLE_STRICT_OBJC_MSGSEND = YES;
				ENABLE_TESTABILITY = YES;
				GCC_C_LANGUAGE_STANDARD = gnu11;
				GCC_DYNAMIC_NO_PIC = NO;
				GCC_NO_COMMON_BLOCKS = YES;
				GCC_OPTIMIZATION_LEVEL = 0;
				GCC_PREPROCESSOR_DEFINITIONS = (
					"DEBUG=1",
					"$(inherited)",
				);
				GCC_WARN_64_TO_32_BIT_CONVERSION = YES;
				GCC_WARN_ABOUT_RETURN_TYPE = YES_ERROR;
				GCC_WARN_UNDECLARED_SELECTOR = YES;
				GCC_WARN_UNINITIALIZED_AUTOS = YES_AGGRESSIVE;
				GCC_WARN_UNUSED_FUNCTION = YES;
				GCC_WARN_UNUSED_VARIABLE = YES;
				IPHONEOS_DEPLOYMENT_TARGET = 15.2;
				MTL_ENABLE_DEBUG_INFO = INCLUDE_SOURCE;
				MTL_FAST_MATH = YES;
				ONLY_ACTIVE_ARCH = YES;
				SDKROOT = iphoneos;
				SWIFT_ACTIVE_COMPILATION_CONDITIONS = DEBUG;
				SWIFT_OPTIMIZATION_LEVEL = "-Onone";
			};
			name = Debug;
		};
		E711E48629D935230021AE0F /* Release */ = {
			isa = XCBuildConfiguration;
			buildSettings = {
				ALWAYS_SEARCH_USER_PATHS = NO;
				CLANG_ANALYZER_NONNULL = YES;
				CLANG_ANALYZER_NUMBER_OBJECT_CONVERSION = YES_AGGRESSIVE;
				CLANG_CXX_LANGUAGE_STANDARD = "gnu++17";
				CLANG_CXX_LIBRARY = "libc++";
				CLANG_ENABLE_MODULES = YES;
				CLANG_ENABLE_OBJC_ARC = YES;
				CLANG_ENABLE_OBJC_WEAK = YES;
				CLANG_WARN_BLOCK_CAPTURE_AUTORELEASING = YES;
				CLANG_WARN_BOOL_CONVERSION = YES;
				CLANG_WARN_COMMA = YES;
				CLANG_WARN_CONSTANT_CONVERSION = YES;
				CLANG_WARN_DEPRECATED_OBJC_IMPLEMENTATIONS = YES;
				CLANG_WARN_DIRECT_OBJC_ISA_USAGE = YES_ERROR;
				CLANG_WARN_DOCUMENTATION_COMMENTS = YES;
				CLANG_WARN_EMPTY_BODY = YES;
				CLANG_WARN_ENUM_CONVERSION = YES;
				CLANG_WARN_INFINITE_RECURSION = YES;
				CLANG_WARN_INT_CONVERSION = YES;
				CLANG_WARN_NON_LITERAL_NULL_CONVERSION = YES;
				CLANG_WARN_OBJC_IMPLICIT_RETAIN_SELF = YES;
				CLANG_WARN_OBJC_LITERAL_CONVERSION = YES;
				CLANG_WARN_OBJC_ROOT_CLASS = YES_ERROR;
				CLANG_WARN_QUOTED_INCLUDE_IN_FRAMEWORK_HEADER = YES;
				CLANG_WARN_RANGE_LOOP_ANALYSIS = YES;
				CLANG_WARN_STRICT_PROTOTYPES = YES;
				CLANG_WARN_SUSPICIOUS_MOVE = YES;
				CLANG_WARN_UNGUARDED_AVAILABILITY = YES_AGGRESSIVE;
				CLANG_WARN_UNREACHABLE_CODE = YES;
				CLANG_WARN__DUPLICATE_METHOD_MATCH = YES;
				COPY_PHASE_STRIP = NO;
				DEBUG_INFORMATION_FORMAT = "dwarf-with-dsym";
				ENABLE_NS_ASSERTIONS = NO;
				ENABLE_STRICT_OBJC_MSGSEND = YES;
				GCC_C_LANGUAGE_STANDARD = gnu11;
				GCC_NO_COMMON_BLOCKS = YES;
				GCC_WARN_64_TO_32_BIT_CONVERSION = YES;
				GCC_WARN_ABOUT_RETURN_TYPE = YES_ERROR;
				GCC_WARN_UNDECLARED_SELECTOR = YES;
				GCC_WARN_UNINITIALIZED_AUTOS = YES_AGGRESSIVE;
				GCC_WARN_UNUSED_FUNCTION = YES;
				GCC_WARN_UNUSED_VARIABLE = YES;
				IPHONEOS_DEPLOYMENT_TARGET = 15.2;
				MTL_ENABLE_DEBUG_INFO = NO;
				MTL_FAST_MATH = YES;
				SDKROOT = iphoneos;
				SWIFT_COMPILATION_MODE = wholemodule;
				SWIFT_OPTIMIZATION_LEVEL = "-O";
				VALIDATE_PRODUCT = YES;
			};
			name = Release;
		};
		E711E48829D935230021AE0F /* Debug */ = {
			isa = XCBuildConfiguration;
			baseConfigurationReference = D72DD11627AC92739523C41C /* Pods-Events.debug.xcconfig */;
			buildSettings = {
				ASSETCATALOG_COMPILER_APPICON_NAME = AppIcon;
				ASSETCATALOG_COMPILER_GLOBAL_ACCENT_COLOR_NAME = AccentColor;
				CODE_SIGN_STYLE = Automatic;
				CURRENT_PROJECT_VERSION = 1;
				DEVELOPMENT_TEAM = U7JVUC584K;
				GENERATE_INFOPLIST_FILE = YES;
				INFOPLIST_FILE = Events/Info.plist;
				INFOPLIST_KEY_UIApplicationSupportsIndirectInputEvents = YES;
				INFOPLIST_KEY_UILaunchStoryboardName = LaunchScreen;
				INFOPLIST_KEY_UIMainStoryboardFile = Main;
				INFOPLIST_KEY_UISupportedInterfaceOrientations_iPad = "UIInterfaceOrientationPortrait UIInterfaceOrientationPortraitUpsideDown UIInterfaceOrientationLandscapeLeft UIInterfaceOrientationLandscapeRight";
				INFOPLIST_KEY_UISupportedInterfaceOrientations_iPhone = "UIInterfaceOrientationPortrait UIInterfaceOrientationLandscapeLeft UIInterfaceOrientationLandscapeRight";
				LD_RUNPATH_SEARCH_PATHS = (
					"$(inherited)",
					"@executable_path/Frameworks",
				);
				MARKETING_VERSION = 1.0;
				PRODUCT_BUNDLE_IDENTIFIER = Devsenior.Events;
				PRODUCT_NAME = "$(TARGET_NAME)";
				SWIFT_EMIT_LOC_STRINGS = YES;
				SWIFT_VERSION = 5.0;
				TARGETED_DEVICE_FAMILY = "1,2";
			};
			name = Debug;
		};
		E711E48929D935230021AE0F /* Release */ = {
			isa = XCBuildConfiguration;
			baseConfigurationReference = 5E9FF0F6ECD89142DE46A333 /* Pods-Events.release.xcconfig */;
			buildSettings = {
				ASSETCATALOG_COMPILER_APPICON_NAME = AppIcon;
				ASSETCATALOG_COMPILER_GLOBAL_ACCENT_COLOR_NAME = AccentColor;
				CODE_SIGN_STYLE = Automatic;
				CURRENT_PROJECT_VERSION = 1;
				DEVELOPMENT_TEAM = U7JVUC584K;
				GENERATE_INFOPLIST_FILE = YES;
				INFOPLIST_FILE = Events/Info.plist;
				INFOPLIST_KEY_UIApplicationSupportsIndirectInputEvents = YES;
				INFOPLIST_KEY_UILaunchStoryboardName = LaunchScreen;
				INFOPLIST_KEY_UIMainStoryboardFile = Main;
				INFOPLIST_KEY_UISupportedInterfaceOrientations_iPad = "UIInterfaceOrientationPortrait UIInterfaceOrientationPortraitUpsideDown UIInterfaceOrientationLandscapeLeft UIInterfaceOrientationLandscapeRight";
				INFOPLIST_KEY_UISupportedInterfaceOrientations_iPhone = "UIInterfaceOrientationPortrait UIInterfaceOrientationLandscapeLeft UIInterfaceOrientationLandscapeRight";
				LD_RUNPATH_SEARCH_PATHS = (
					"$(inherited)",
					"@executable_path/Frameworks",
				);
				MARKETING_VERSION = 1.0;
				PRODUCT_BUNDLE_IDENTIFIER = Devsenior.Events;
				PRODUCT_NAME = "$(TARGET_NAME)";
				SWIFT_EMIT_LOC_STRINGS = YES;
				SWIFT_VERSION = 5.0;
				TARGETED_DEVICE_FAMILY = "1,2";
			};
			name = Release;
		};
/* End XCBuildConfiguration section */

/* Begin XCConfigurationList section */
		E711E46E29D9351E0021AE0F /* Build configuration list for PBXProject "Events" */ = {
			isa = XCConfigurationList;
			buildConfigurations = (
				E711E48529D935230021AE0F /* Debug */,
				E711E48629D935230021AE0F /* Release */,
			);
			defaultConfigurationIsVisible = 0;
			defaultConfigurationName = Release;
		};
		E711E48729D935230021AE0F /* Build configuration list for PBXNativeTarget "Events" */ = {
			isa = XCConfigurationList;
			buildConfigurations = (
				E711E48829D935230021AE0F /* Debug */,
				E711E48929D935230021AE0F /* Release */,
			);
			defaultConfigurationIsVisible = 0;
			defaultConfigurationName = Release;
		};
/* End XCConfigurationList section */
	};
	rootObject = E711E46B29D9351E0021AE0F /* Project object */;
}
